{
	"name": "chapter6-writing-and-deploying-contracts",
	"requires": true,
	"lockfileVersion": 1,
	"dependencies": {
		"accepts": {
			"version": "1.3.5",
			"resolved": "https://registry.npmjs.org/accepts/-/accepts-1.3.5.tgz",
			"integrity": "sha1-63d99gEXI6OxTopywIBcjoZ0a9I=",
			"requires": {
				"mime-types": "2.1.21",
				"negotiator": "0.6.1"
			}
		},
		"ansi-regex": {
			"version": "2.1.1",
			"resolved": "https://registry.npmjs.org/ansi-regex/-/ansi-regex-2.1.1.tgz",
			"integrity": "sha1-w7M6te42DYbg5ijwRorn7yfWVN8="
		},
		"array-flatten": {
			"version": "1.1.1",
			"resolved": "https://registry.npmjs.org/array-flatten/-/array-flatten-1.1.1.tgz",
			"integrity": "sha1-ml9pkFGx5wczKPKgCJaLZOopVdI="
		},
		"balanced-match": {
			"version": "1.0.0",
			"resolved": "https://registry.npmjs.org/balanced-match/-/balanced-match-1.0.0.tgz",
			"integrity": "sha1-ibTRmasr7kneFk6gK4nORi1xt2c="
		},
		"bignumber.js": {
			"version": "4.0.0",
			"resolved": "http://registry.npmjs.org/bignumber.js/-/bignumber.js-4.0.0.tgz",
			"integrity": "sha1-JrI6MkCCD7a4dfB96CIATH00toI="
		},
		"bindings": {
			"version": "1.3.1",
			"resolved": "https://registry.npmjs.org/bindings/-/bindings-1.3.1.tgz",
			"integrity": "sha512-i47mqjF9UbjxJhxGf+pZ6kSxrnI3wBLlnGI2ArWJ4r0VrvDS7ZYXkprq/pLaBWYq4GM0r4zdHY+NNRqEMU7uew=="
		},
		"bip66": {
			"version": "1.1.5",
			"resolved": "https://registry.npmjs.org/bip66/-/bip66-1.1.5.tgz",
			"integrity": "sha1-AfqHSHhcpwlV1QESF9GzE5lpyiI=",
			"requires": {
				"safe-buffer": "5.1.2"
			}
		},
		"bn.js": {
			"version": "4.11.8",
			"resolved": "https://registry.npmjs.org/bn.js/-/bn.js-4.11.8.tgz",
			"integrity": "sha512-ItfYfPLkWHUjckQCk8xC+LwxgK8NYcXywGigJgSwOP8Y2iyWT4f2vsZnoOXTTbo+o5yXmIUJ4gn5538SO5S3gA=="
		},
		"brace-expansion": {
			"version": "1.1.11",
			"resolved": "https://registry.npmjs.org/brace-expansion/-/brace-expansion-1.1.11.tgz",
			"integrity": "sha512-iCuPHDFgrHX7H2vEI/5xpz07zSHB00TpugqhmYtVmMO6518mCuRMoOYFldEBl0g187ufozdaHgWKcYFb61qGiA==",
			"requires": {
				"balanced-match": "1.0.0",
				"concat-map": "0.0.1"
			}
		},
		"brorand": {
			"version": "1.1.0",
			"resolved": "https://registry.npmjs.org/brorand/-/brorand-1.1.0.tgz",
			"integrity": "sha1-EsJe/kCkXjwyPrhnWgoM5XsiNx8="
		},
		"browserify-aes": {
			"version": "1.2.0",
			"resolved": "http://registry.npmjs.org/browserify-aes/-/browserify-aes-1.2.0.tgz",
			"integrity": "sha512-+7CHXqGuspUn/Sl5aO7Ea0xWGAtETPXNSAjHo48JfLdPWcMng33Xe4znFvQweqc/uzk5zSOI3H52CYnjCfb5hA==",
			"requires": {
				"buffer-xor": "1.0.3",
				"cipher-base": "1.0.4",
				"create-hash": "1.2.0",
				"evp_bytestokey": "1.0.3",
				"inherits": "2.0.3",
				"safe-buffer": "5.1.2"
			}
		},
		"browserify-sha3": {
			"version": "0.0.1",
			"resolved": "https://registry.npmjs.org/browserify-sha3/-/browserify-sha3-0.0.1.tgz",
			"integrity": "sha1-P/NKMAbvFcD7NWflQbkaI0ASPRE=",
			"requires": {
				"js-sha3": "0.3.1"
			}
		},
		"buffer-xor": {
			"version": "1.0.3",
			"resolved": "https://registry.npmjs.org/buffer-xor/-/buffer-xor-1.0.3.tgz",
			"integrity": "sha1-JuYe0UIvtw3ULm42cp7VHYVf6Nk="
		},
		"builtin-modules": {
			"version": "1.1.1",
			"resolved": "https://registry.npmjs.org/builtin-modules/-/builtin-modules-1.1.1.tgz",
			"integrity": "sha1-Jw8HbFpywC9bZaR9+Uxf46J4iS8="
		},
		"camelcase": {
			"version": "3.0.0",
			"resolved": "https://registry.npmjs.org/camelcase/-/camelcase-3.0.0.tgz",
			"integrity": "sha1-MvxLn82vhF/N9+c7uXysImHwqwo="
		},
		"cipher-base": {
			"version": "1.0.4",
			"resolved": "https://registry.npmjs.org/cipher-base/-/cipher-base-1.0.4.tgz",
			"integrity": "sha512-Kkht5ye6ZGmwv40uUDZztayT2ThLQGfnj/T71N/XzeZeo3nf8foyW7zGTsPYkEya3m5f3cAypH+qe7YOrM1U2Q==",
			"requires": {
				"inherits": "2.0.3",
				"safe-buffer": "5.1.2"
			}
		},
		"cliui": {
			"version": "3.2.0",
			"resolved": "https://registry.npmjs.org/cliui/-/cliui-3.2.0.tgz",
			"integrity": "sha1-EgYBU3qRbSmUD5NNo7SNWFo5IT0=",
			"requires": {
				"string-width": "1.0.2",
				"strip-ansi": "3.0.1",
				"wrap-ansi": "2.1.0"
			}
		},
		"code-point-at": {
			"version": "1.1.0",
			"resolved": "https://registry.npmjs.org/code-point-at/-/code-point-at-1.1.0.tgz",
			"integrity": "sha1-DQcLTQQ6W+ozovGkDi7bPZpMz3c="
		},
		"concat-map": {
			"version": "0.0.1",
			"resolved": "https://registry.npmjs.org/concat-map/-/concat-map-0.0.1.tgz",
			"integrity": "sha1-2Klr13/Wjfd5OnMDajug1UBdR3s="
		},
		"content-disposition": {
			"version": "0.5.1",
			"resolved": "https://registry.npmjs.org/content-disposition/-/content-disposition-0.5.1.tgz",
			"integrity": "sha1-h0dsamfI2qh+Muh2Ft+IO6f7Bxs="
		},
		"content-type": {
			"version": "1.0.4",
			"resolved": "https://registry.npmjs.org/content-type/-/content-type-1.0.4.tgz",
			"integrity": "sha512-hIP3EEPs8tB9AT1L+NUqtwOAps4mk2Zob89MWXMHjHWg9milF/j4osnnQLXBCBFBk/tvIG/tUc9mOUJiPBhPXA=="
		},
		"cookie": {
			"version": "0.3.1",
			"resolved": "https://registry.npmjs.org/cookie/-/cookie-0.3.1.tgz",
			"integrity": "sha1-5+Ch+e9DtMi6klxcWpboBtFoc7s="
		},
		"cookie-signature": {
			"version": "1.0.6",
			"resolved": "https://registry.npmjs.org/cookie-signature/-/cookie-signature-1.0.6.tgz",
			"integrity": "sha1-4wOogrNCzD7oylE6eZmXNNqzriw="
		},
		"create-hash": {
			"version": "1.2.0",
			"resolved": "http://registry.npmjs.org/create-hash/-/create-hash-1.2.0.tgz",
			"integrity": "sha512-z00bCGNHDG8mHAkP7CtT1qVu+bFQUPjYq/4Iv3C3kWjTFV10zIjfSoeqXo9Asws8gwSHDGj/hl2u4OGIjapeCg==",
			"requires": {
				"cipher-base": "1.0.4",
				"inherits": "2.0.3",
				"md5.js": "1.3.5",
				"ripemd160": "2.0.2",
				"sha.js": "2.4.11"
			}
		},
		"create-hmac": {
			"version": "1.1.7",
			"resolved": "http://registry.npmjs.org/create-hmac/-/create-hmac-1.1.7.tgz",
			"integrity": "sha512-MJG9liiZ+ogc4TzUwuvbER1JRdgvUFSB5+VR/g5h82fGaIRWMWddtKBHi7/sVhfjQZ6SehlyhvQYrcYkaUIpLg==",
			"requires": {
				"cipher-base": "1.0.4",
				"create-hash": "1.2.0",
				"inherits": "2.0.3",
				"ripemd160": "2.0.2",
				"safe-buffer": "5.1.2",
				"sha.js": "2.4.11"
			}
		},
		"crypto-js": {
			"version": "3.1.8",
			"resolved": "https://registry.npmjs.org/crypto-js/-/crypto-js-3.1.8.tgz",
			"integrity": "sha1-cV8HC/YBTyrpkqmLOSkli3E/CNU="
		},
		"debug": {
			"version": "2.2.0",
			"resolved": "http://registry.npmjs.org/debug/-/debug-2.2.0.tgz",
			"integrity": "sha1-+HBX6ZWxofauaklgZkE3vFbwOdo=",
			"requires": {
				"ms": "0.7.1"
			}
		},
		"decamelize": {
			"version": "1.2.0",
			"resolved": "https://registry.npmjs.org/decamelize/-/decamelize-1.2.0.tgz",
			"integrity": "sha1-9lNNFRSCabIDUue+4m9QH5oZEpA="
		},
		"depd": {
			"version": "1.1.2",
			"resolved": "https://registry.npmjs.org/depd/-/depd-1.1.2.tgz",
			"integrity": "sha1-m81S4UwJd2PnSbJ0xDRu0uVgtak="
		},
		"destroy": {
			"version": "1.0.4",
			"resolved": "https://registry.npmjs.org/destroy/-/destroy-1.0.4.tgz",
			"integrity": "sha1-l4hXRCxEdJ5CBmE+N5RiBYJqvYA="
		},
		"drbg.js": {
			"version": "1.0.1",
			"resolved": "https://registry.npmjs.org/drbg.js/-/drbg.js-1.0.1.tgz",
			"integrity": "sha1-Pja2xCs3BDgjzbwzLVjzHiRFSAs=",
			"requires": {
				"browserify-aes": "1.2.0",
				"create-hash": "1.2.0",
				"create-hmac": "1.1.7"
			}
		},
		"ee-first": {
			"version": "1.1.1",
			"resolved": "https://registry.npmjs.org/ee-first/-/ee-first-1.1.1.tgz",
			"integrity": "sha1-WQxhFWsK4vTwJVcyoViyZrxWsh0="
		},
		"elliptic": {
			"version": "6.4.1",
			"resolved": "https://registry.npmjs.org/elliptic/-/elliptic-6.4.1.tgz",
			"integrity": "sha512-BsXLz5sqX8OHcsh7CqBMztyXARmGQ3LWPtGjJi6DiJHq5C/qvi9P3OqgswKSDftbu8+IoI/QDTAm2fFnQ9SZSQ==",
			"requires": {
				"bn.js": "4.11.8",
				"brorand": "1.1.0",
				"hash.js": "1.1.5",
				"hmac-drbg": "1.0.1",
				"inherits": "2.0.3",
				"minimalistic-assert": "1.0.1",
				"minimalistic-crypto-utils": "1.0.1"
			}
		},
		"encodeurl": {
			"version": "1.0.2",
			"resolved": "https://registry.npmjs.org/encodeurl/-/encodeurl-1.0.2.tgz",
			"integrity": "sha1-rT/0yG7C0CkyL1oCw6mmBslbP1k="
		},
		"error-ex": {
			"version": "1.3.2",
			"resolved": "https://registry.npmjs.org/error-ex/-/error-ex-1.3.2.tgz",
			"integrity": "sha512-7dFHNmqeFSEt2ZBsCriorKnn3Z2pj+fd9kmI6QoWw4//DL+icEBfc0U7qJCisqrTsKTjw4fNFy2pW9OqStD84g==",
			"requires": {
				"is-arrayish": "0.2.1"
			}
		},
		"escape-html": {
			"version": "1.0.3",
			"resolved": "https://registry.npmjs.org/escape-html/-/escape-html-1.0.3.tgz",
			"integrity": "sha1-Aljq5NPQwJdN4cFpGI7wBR0dGYg="
		},
		"etag": {
			"version": "1.7.0",
			"resolved": "https://registry.npmjs.org/etag/-/etag-1.7.0.tgz",
			"integrity": "sha1-A9MLX2fdbmMtKUXTDWZScxo01dg="
		},
		"ethereum-common": {
			"version": "0.0.17",
			"resolved": "https://registry.npmjs.org/ethereum-common/-/ethereum-common-0.0.17.tgz",
			"integrity": "sha1-C1VMqdUSytyL4EVvvQAP/MOsT28="
		},
		"ethereumjs-tx": {
			"version": "1.2.2",
			"resolved": "https://registry.npmjs.org/ethereumjs-tx/-/ethereumjs-tx-1.2.2.tgz",
			"integrity": "sha1-8okOcJcsIyF9JYWj0gogitIohr4=",
			"requires": {
				"ethereum-common": "0.0.17",
				"ethereumjs-util": "5.0.1"
			}
		},
		"ethereumjs-util": {
			"version": "5.0.1",
			"resolved": "http://registry.npmjs.org/ethereumjs-util/-/ethereumjs-util-5.0.1.tgz",
			"integrity": "sha1-fV8Rgv69g8G7sTBbZawKXfPGpD4=",
			"requires": {
				"bn.js": "4.11.8",
				"create-hash": "1.2.0",
				"keccakjs": "0.2.1",
				"rlp": "2.1.0",
				"secp256k1": "3.5.2"
			}
		},
		"evp_bytestokey": {
			"version": "1.0.3",
			"resolved": "https://registry.npmjs.org/evp_bytestokey/-/evp_bytestokey-1.0.3.tgz",
			"integrity": "sha512-/f2Go4TognH/KvCISP7OUsHn85hT9nUkxxA9BEWxFn+Oj9o8ZNLm/40hdlgSLyuOimsrTKLUMEorQexp/aPQeA==",
			"requires": {
				"md5.js": "1.3.5",
				"safe-buffer": "5.1.2"
			}
		},
		"express": {
			"version": "4.14.0",
			"resolved": "http://registry.npmjs.org/express/-/express-4.14.0.tgz",
			"integrity": "sha1-we4/Qs3Ikfs9xlCoki1R7IR9DWY=",
			"requires": {
				"accepts": "1.3.5",
				"array-flatten": "1.1.1",
				"content-disposition": "0.5.1",
				"content-type": "1.0.4",
				"cookie": "0.3.1",
				"cookie-signature": "1.0.6",
				"debug": "2.2.0",
				"depd": "1.1.2",
				"encodeurl": "1.0.2",
				"escape-html": "1.0.3",
				"etag": "1.7.0",
				"finalhandler": "0.5.0",
				"fresh": "0.3.0",
				"merge-descriptors": "1.0.1",
				"methods": "1.1.2",
				"on-finished": "2.3.0",
				"parseurl": "1.3.2",
				"path-to-regexp": "0.1.7",
				"proxy-addr": "1.1.5",
				"qs": "6.2.0",
				"range-parser": "1.2.0",
				"send": "0.14.1",
				"serve-static": "1.11.2",
				"type-is": "1.6.16",
				"utils-merge": "1.0.0",
				"vary": "1.1.2"
			}
		},
		"finalhandler": {
			"version": "0.5.0",
			"resolved": "http://registry.npmjs.org/finalhandler/-/finalhandler-0.5.0.tgz",
			"integrity": "sha1-6VCKvs6bbbqHGmlCodeRG5GRGsc=",
			"requires": {
				"debug": "2.2.0",
				"escape-html": "1.0.3",
				"on-finished": "2.3.0",
				"statuses": "1.3.1",
				"unpipe": "1.0.0"
			}
		},
		"find-up": {
			"version": "1.1.2",
			"resolved": "https://registry.npmjs.org/find-up/-/find-up-1.1.2.tgz",
			"integrity": "sha1-ay6YIrGizgpgq2TWEOzK1TyyTQ8=",
			"requires": {
				"path-exists": "2.1.0",
				"pinkie-promise": "2.0.1"
			}
		},
		"forwarded": {
			"version": "0.1.2",
			"resolved": "https://registry.npmjs.org/forwarded/-/forwarded-0.1.2.tgz",
			"integrity": "sha1-mMI9qxF1ZXuMBXPozszZGw/xjIQ="
		},
		"fresh": {
			"version": "0.3.0",
			"resolved": "https://registry.npmjs.org/fresh/-/fresh-0.3.0.tgz",
			"integrity": "sha1-ZR+DjiJCTnVm3hYdg1jKoZn4PU8="
		},
		"fs-extra": {
			"version": "0.30.0",
			"resolved": "http://registry.npmjs.org/fs-extra/-/fs-extra-0.30.0.tgz",
			"integrity": "sha1-8jP/zAjU2n1DLapEl3aYnbHfk/A=",
			"requires": {
				"graceful-fs": "4.1.15",
				"jsonfile": "2.4.0",
				"klaw": "1.3.1",
				"path-is-absolute": "1.0.1",
				"rimraf": "2.6.2"
			}
		},
		"fs.realpath": {
			"version": "1.0.0",
			"resolved": "https://registry.npmjs.org/fs.realpath/-/fs.realpath-1.0.0.tgz",
			"integrity": "sha1-FQStJSMVjKpA20onh8sBQRmU6k8="
		},
		"get-caller-file": {
			"version": "1.0.3",
			"resolved": "https://registry.npmjs.org/get-caller-file/-/get-caller-file-1.0.3.tgz",
			"integrity": "sha512-3t6rVToeoZfYSGd8YoLFR2DJkiQrIiUrGcjvFX2mDw3bn6k2OtwHN0TNCLbBO+w8qTvimhDkv+LSscbJY1vE6w=="
		},
		"glob": {
			"version": "7.1.3",
			"resolved": "https://registry.npmjs.org/glob/-/glob-7.1.3.tgz",
			"integrity": "sha512-vcfuiIxogLV4DlGBHIUOwI0IbrJ8HWPc4MU7HzviGeNho/UJDfi6B5p3sHeWIQ0KGIU0Jpxi5ZHxemQfLkkAwQ==",
			"requires": {
				"fs.realpath": "1.0.0",
				"inflight": "1.0.6",
				"inherits": "2.0.3",
				"minimatch": "3.0.4",
				"once": "1.4.0",
				"path-is-absolute": "1.0.1"
			}
		},
		"graceful-fs": {
			"version": "4.1.15",
			"resolved": "https://registry.npmjs.org/graceful-fs/-/graceful-fs-4.1.15.tgz",
			"integrity": "sha512-6uHUhOPEBgQ24HM+r6b/QwWfZq+yiFcipKFrOFiBEnWdy5sdzYoi+pJeQaPI5qOLRFqWmAXUPQNsielzdLoecA=="
		},
		"hash-base": {
			"version": "3.0.4",
			"resolved": "https://registry.npmjs.org/hash-base/-/hash-base-3.0.4.tgz",
			"integrity": "sha1-X8hoaEfs1zSZQDMZprCj8/auSRg=",
			"requires": {
				"inherits": "2.0.3",
				"safe-buffer": "5.1.2"
			}
		},
		"hash.js": {
			"version": "1.1.5",
			"resolved": "https://registry.npmjs.org/hash.js/-/hash.js-1.1.5.tgz",
			"integrity": "sha512-eWI5HG9Np+eHV1KQhisXWwM+4EPPYe5dFX1UZZH7k/E3JzDEazVH+VGlZi6R94ZqImq+A3D1mCEtrFIfg/E7sA==",
			"requires": {
				"inherits": "2.0.3",
				"minimalistic-assert": "1.0.1"
			}
		},
		"hmac-drbg": {
			"version": "1.0.1",
			"resolved": "https://registry.npmjs.org/hmac-drbg/-/hmac-drbg-1.0.1.tgz",
			"integrity": "sha1-0nRXAQJabHdabFRXk+1QL8DGSaE=",
			"requires": {
				"hash.js": "1.1.5",
				"minimalistic-assert": "1.0.1",
				"minimalistic-crypto-utils": "1.0.1"
			}
		},
		"hosted-git-info": {
			"version": "2.7.1",
			"resolved": "https://registry.npmjs.org/hosted-git-info/-/hosted-git-info-2.7.1.tgz",
			"integrity": "sha512-7T/BxH19zbcCTa8XkMlbK5lTo1WtgkFi3GvdWEyNuc4Vex7/9Dqbnpsf4JMydcfj9HCg4zUWFTL3Za6lapg5/w=="
		},
		"http-errors": {
			"version": "1.5.1",
			"resolved": "http://registry.npmjs.org/http-errors/-/http-errors-1.5.1.tgz",
			"integrity": "sha1-eIwNLB3iyBuebowBhDtrl+uSB1A=",
			"requires": {
				"inherits": "2.0.3",
				"setprototypeof": "1.0.2",
				"statuses": "1.3.1"
			}
		},
		"inflight": {
			"version": "1.0.6",
			"resolved": "https://registry.npmjs.org/inflight/-/inflight-1.0.6.tgz",
			"integrity": "sha1-Sb1jMdfQLQwJvJEKEHW6gWW1bfk=",
			"requires": {
				"once": "1.4.0",
				"wrappy": "1.0.2"
			}
		},
		"inherits": {
			"version": "2.0.3",
			"resolved": "https://registry.npmjs.org/inherits/-/inherits-2.0.3.tgz",
			"integrity": "sha1-Yzwsg+PaQqUC9SRmAiSA9CCCYd4="
		},
		"invert-kv": {
			"version": "1.0.0",
			"resolved": "https://registry.npmjs.org/invert-kv/-/invert-kv-1.0.0.tgz",
			"integrity": "sha1-EEqOSqym09jNFXqO+L+rLXo//bY="
		},
		"ipaddr.js": {
			"version": "1.4.0",
			"resolved": "https://registry.npmjs.org/ipaddr.js/-/ipaddr.js-1.4.0.tgz",
			"integrity": "sha1-KWrKh4qCGBbluF0KKFqZvP9FgvA="
		},
		"is-arrayish": {
			"version": "0.2.1",
			"resolved": "https://registry.npmjs.org/is-arrayish/-/is-arrayish-0.2.1.tgz",
			"integrity": "sha1-d8mYQFJ6qOyxqLppe4BkWnqSap0="
		},
		"is-builtin-module": {
			"version": "1.0.0",
			"resolved": "http://registry.npmjs.org/is-builtin-module/-/is-builtin-module-1.0.0.tgz",
			"integrity": "sha1-VAVy0096wxGfj3bDDLwbHgN6/74=",
			"requires": {
				"builtin-modules": "1.1.1"
			}
		},
		"is-fullwidth-code-point": {
			"version": "1.0.0",
			"resolved": "https://registry.npmjs.org/is-fullwidth-code-point/-/is-fullwidth-code-point-1.0.0.tgz",
			"integrity": "sha1-754xOG8DGn8NZDr4L95QxFfvAMs=",
			"requires": {
				"number-is-nan": "1.0.1"
			}
		},
		"is-utf8": {
			"version": "0.2.1",
			"resolved": "https://registry.npmjs.org/is-utf8/-/is-utf8-0.2.1.tgz",
			"integrity": "sha1-Sw2hRCEE0bM2NA6AeX6GXPOffXI="
		},
		"js-sha3": {
			"version": "0.3.1",
			"resolved": "https://registry.npmjs.org/js-sha3/-/js-sha3-0.3.1.tgz",
			"integrity": "sha1-hhIoAhQvCChQKg0d7h2V4lO7AkM="
		},
		"jsonfile": {
			"version": "2.4.0",
			"resolved": "http://registry.npmjs.org/jsonfile/-/jsonfile-2.4.0.tgz",
			"integrity": "sha1-NzaitCi4e72gzIO1P6PWM6NcKug=",
			"requires": {
				"graceful-fs": "4.1.15"
			}
		},
		"keccakjs": {
			"version": "0.2.1",
			"resolved": "https://registry.npmjs.org/keccakjs/-/keccakjs-0.2.1.tgz",
			"integrity": "sha1-HWM6+QfvMFu/ny+mFtVsRFYd+k0=",
			"requires": {
				"browserify-sha3": "0.0.1",
				"sha3": "1.2.2"
			}
		},
		"klaw": {
			"version": "1.3.1",
			"resolved": "https://registry.npmjs.org/klaw/-/klaw-1.3.1.tgz",
			"integrity": "sha1-QIhDO0azsbolnXh4XY6W9zugJDk=",
			"requires": {
				"graceful-fs": "4.1.15"
			}
		},
		"lcid": {
			"version": "1.0.0",
			"resolved": "https://registry.npmjs.org/lcid/-/lcid-1.0.0.tgz",
			"integrity": "sha1-MIrMr6C8SDo4Z7S28rlQYlHRuDU=",
			"requires": {
				"invert-kv": "1.0.0"
			}
		},
		"load-json-file": {
			"version": "1.1.0",
			"resolved": "http://registry.npmjs.org/load-json-file/-/load-json-file-1.1.0.tgz",
			"integrity": "sha1-lWkFcI1YtLq0wiYbBPWfMcmTdMA=",
			"requires": {
				"graceful-fs": "4.1.15",
				"parse-json": "2.2.0",
				"pify": "2.3.0",
				"pinkie-promise": "2.0.1",
				"strip-bom": "2.0.0"
			}
		},
		"lodash.assign": {
			"version": "4.2.0",
			"resolved": "https://registry.npmjs.org/lodash.assign/-/lodash.assign-4.2.0.tgz",
			"integrity": "sha1-DZnzzNem0mHRm9rrkkUAXShYCOc="
		},
		"md5.js": {
			"version": "1.3.5",
			"resolved": "https://registry.npmjs.org/md5.js/-/md5.js-1.3.5.tgz",
			"integrity": "sha512-xitP+WxNPcTTOgnTJcrhM0xvdPepipPSf3I8EIpGKeFLjt3PlJLIDG3u8EX53ZIubkb+5U2+3rELYpEhHhzdkg==",
			"requires": {
				"hash-base": "3.0.4",
				"inherits": "2.0.3",
				"safe-buffer": "5.1.2"
			}
		},
		"media-typer": {
			"version": "0.3.0",
			"resolved": "http://registry.npmjs.org/media-typer/-/media-typer-0.3.0.tgz",
			"integrity": "sha1-hxDXrwqmJvj/+hzgAWhUUmMlV0g="
		},
		"memorystream": {
			"version": "0.3.1",
			"resolved": "https://registry.npmjs.org/memorystream/-/memorystream-0.3.1.tgz",
			"integrity": "sha1-htcJCzDORV1j+64S3aUaR93K+bI="
		},
		"merge-descriptors": {
			"version": "1.0.1",
			"resolved": "https://registry.npmjs.org/merge-descriptors/-/merge-descriptors-1.0.1.tgz",
			"integrity": "sha1-sAqqVW3YtEVoFQ7J0blT8/kMu2E="
		},
		"methods": {
			"version": "1.1.2",
			"resolved": "https://registry.npmjs.org/methods/-/methods-1.1.2.tgz",
			"integrity": "sha1-VSmk1nZUE07cxSZmVoNbD4Ua/O4="
		},
		"mime": {
			"version": "1.3.4",
			"resolved": "http://registry.npmjs.org/mime/-/mime-1.3.4.tgz",
			"integrity": "sha1-EV+eO2s9rylZmDyzjxSaLUDrXVM="
		},
		"mime-db": {
			"version": "1.37.0",
			"resolved": "https://registry.npmjs.org/mime-db/-/mime-db-1.37.0.tgz",
			"integrity": "sha512-R3C4db6bgQhlIhPU48fUtdVmKnflq+hRdad7IyKhtFj06VPNVdk2RhiYL3UjQIlso8L+YxAtFkobT0VK+S/ybg=="
		},
		"mime-types": {
			"version": "2.1.21",
			"resolved": "https://registry.npmjs.org/mime-types/-/mime-types-2.1.21.tgz",
			"integrity": "sha512-3iL6DbwpyLzjR3xHSFNFeb9Nz/M8WDkX33t1GFQnFOllWk8pOrh/LSrB5OXlnlW5P9LH73X6loW/eogc+F5lJg==",
			"requires": {
				"mime-db": "1.37.0"
			}
		},
		"minimalistic-assert": {
			"version": "1.0.1",
			"resolved": "https://registry.npmjs.org/minimalistic-assert/-/minimalistic-assert-1.0.1.tgz",
			"integrity": "sha512-UtJcAD4yEaGtjPezWuO9wC4nwUnVH/8/Im3yEHQP4b67cXlD/Qr9hdITCU1xDbSEXg2XKNaP8jsReV7vQd00/A=="
		},
		"minimalistic-crypto-utils": {
			"version": "1.0.1",
			"resolved": "https://registry.npmjs.org/minimalistic-crypto-utils/-/minimalistic-crypto-utils-1.0.1.tgz",
			"integrity": "sha1-9sAMHAsIIkblxNmd+4x8CDsrWCo="
		},
		"minimatch": {
			"version": "3.0.4",
			"resolved": "https://registry.npmjs.org/minimatch/-/minimatch-3.0.4.tgz",
			"integrity": "sha512-yJHVQEhyqPLUTgt9B83PXu6W3rx4MvvHvSUvToogpwoGDOUQ+yDrR0HRot+yOCdCO7u4hX3pWft6kWBBcqh0UA==",
			"requires": {
				"brace-expansion": "1.1.11"
			}
		},
		"ms": {
			"version": "0.7.1",
			"resolved": "http://registry.npmjs.org/ms/-/ms-0.7.1.tgz",
			"integrity": "sha1-nNE8A62/8ltl7/3nzoZO6VIBcJg="
		},
		"nan": {
			"version": "2.10.0",
			"resolved": "http://registry.npmjs.org/nan/-/nan-2.10.0.tgz",
			"integrity": "sha512-bAdJv7fBLhWC+/Bls0Oza+mvTaNQtP+1RyhhhvD95pgUJz6XM5IzgmxOkItJ9tkoCiplvAnXI1tNmmUD/eScyA=="
		},
		"negotiator": {
			"version": "0.6.1",
			"resolved": "https://registry.npmjs.org/negotiator/-/negotiator-0.6.1.tgz",
			"integrity": "sha1-KzJxhOiZIQEXeyhWP7XnECrNDKk="
		},
		"normalize-package-data": {
			"version": "2.4.0",
			"resolved": "https://registry.npmjs.org/normalize-package-data/-/normalize-package-data-2.4.0.tgz",
			"integrity": "sha512-9jjUFbTPfEy3R/ad/2oNbKtW9Hgovl5O1FvFWKkKblNXoN/Oou6+9+KKohPK13Yc3/TyunyWhJp6gvRNR/PPAw==",
			"requires": {
				"hosted-git-info": "2.7.1",
				"is-builtin-module": "1.0.0",
				"semver": "5.6.0",
				"validate-npm-package-license": "3.0.4"
			}
		},
		"number-is-nan": {
			"version": "1.0.1",
			"resolved": "https://registry.npmjs.org/number-is-nan/-/number-is-nan-1.0.1.tgz",
			"integrity": "sha1-CXtgK1NCKlIsGvuHkDGDNpQaAR0="
		},
		"on-finished": {
			"version": "2.3.0",
			"resolved": "https://registry.npmjs.org/on-finished/-/on-finished-2.3.0.tgz",
			"integrity": "sha1-IPEzZIGwg811M3mSoWlxqi2QaUc=",
			"requires": {
				"ee-first": "1.1.1"
			}
		},
		"once": {
			"version": "1.4.0",
			"resolved": "https://registry.npmjs.org/once/-/once-1.4.0.tgz",
			"integrity": "sha1-WDsap3WWHUsROsF9nFC6753Xa9E=",
			"requires": {
				"wrappy": "1.0.2"
			}
		},
		"os-locale": {
			"version": "1.4.0",
			"resolved": "http://registry.npmjs.org/os-locale/-/os-locale-1.4.0.tgz",
			"integrity": "sha1-IPnxeuKe00XoveWDsT0gCYA8FNk=",
			"requires": {
				"lcid": "1.0.0"
			}
		},
		"parse-json": {
			"version": "2.2.0",
			"resolved": "https://registry.npmjs.org/parse-json/-/parse-json-2.2.0.tgz",
			"integrity": "sha1-9ID0BDTvgHQfhGkJn43qGPVaTck=",
			"requires": {
				"error-ex": "1.3.2"
			}
		},
		"parseurl": {
			"version": "1.3.2",
			"resolved": "https://registry.npmjs.org/parseurl/-/parseurl-1.3.2.tgz",
			"integrity": "sha1-/CidTtiZMRlGDBViUyYs3I3mW/M="
		},
		"path-exists": {
			"version": "2.1.0",
			"resolved": "https://registry.npmjs.org/path-exists/-/path-exists-2.1.0.tgz",
			"integrity": "sha1-D+tsZPD8UY2adU3V77YscCJ2H0s=",
			"requires": {
				"pinkie-promise": "2.0.1"
			}
		},
		"path-is-absolute": {
			"version": "1.0.1",
			"resolved": "http://registry.npmjs.org/path-is-absolute/-/path-is-absolute-1.0.1.tgz",
			"integrity": "sha1-F0uSaHNVNP+8es5r9TpanhtcX18="
		},
		"path-to-regexp": {
			"version": "0.1.7",
			"resolved": "https://registry.npmjs.org/path-to-regexp/-/path-to-regexp-0.1.7.tgz",
			"integrity": "sha1-32BBeABfUi8V60SQ5yR6G/qmf4w="
		},
		"path-type": {
			"version": "1.1.0",
			"resolved": "https://registry.npmjs.org/path-type/-/path-type-1.1.0.tgz",
			"integrity": "sha1-WcRPfuSR2nBNpBXaWkBwuk+P5EE=",
			"requires": {
				"graceful-fs": "4.1.15",
				"pify": "2.3.0",
				"pinkie-promise": "2.0.1"
			}
		},
		"pify": {
			"version": "2.3.0",
			"resolved": "http://registry.npmjs.org/pify/-/pify-2.3.0.tgz",
			"integrity": "sha1-7RQaasBDqEnqWISY59yosVMw6Qw="
		},
		"pinkie": {
			"version": "2.0.4",
			"resolved": "https://registry.npmjs.org/pinkie/-/pinkie-2.0.4.tgz",
			"integrity": "sha1-clVrgM+g1IqXToDnckjoDtT3+HA="
		},
		"pinkie-promise": {
			"version": "2.0.1",
			"resolved": "https://registry.npmjs.org/pinkie-promise/-/pinkie-promise-2.0.1.tgz",
			"integrity": "sha1-ITXW36ejWMBprJsXh3YogihFD/o=",
			"requires": {
				"pinkie": "2.0.4"
			}
		},
		"proxy-addr": {
			"version": "1.1.5",
			"resolved": "https://registry.npmjs.org/proxy-addr/-/proxy-addr-1.1.5.tgz",
			"integrity": "sha1-ccDuOxAt4/IC87ZPYI0XP8uhqRg=",
			"requires": {
				"forwarded": "0.1.2",
				"ipaddr.js": "1.4.0"
			}
		},
		"qs": {
			"version": "6.2.0",
			"resolved": "http://registry.npmjs.org/qs/-/qs-6.2.0.tgz",
			"integrity": "sha1-O3hIwDwt7OaalSKw+ujEEm10Xzs="
		},
		"range-parser": {
			"version": "1.2.0",
			"resolved": "https://registry.npmjs.org/range-parser/-/range-parser-1.2.0.tgz",
			"integrity": "sha1-9JvmtIeJTdxA3MlKMi9hEJLgDV4="
		},
		"read-pkg": {
			"version": "1.1.0",
			"resolved": "https://registry.npmjs.org/read-pkg/-/read-pkg-1.1.0.tgz",
			"integrity": "sha1-9f+qXs0pyzHAR0vKfXVra7KePyg=",
			"requires": {
				"load-json-file": "1.1.0",
				"normalize-package-data": "2.4.0",
				"path-type": "1.1.0"
			}
		},
		"read-pkg-up": {
			"version": "1.0.1",
			"resolved": "https://registry.npmjs.org/read-pkg-up/-/read-pkg-up-1.0.1.tgz",
			"integrity": "sha1-nWPBMnbAZZGNV/ACpX9AobZD+wI=",
			"requires": {
				"find-up": "1.1.2",
				"read-pkg": "1.1.0"
			}
		},
		"require-directory": {
			"version": "2.1.1",
			"resolved": "https://registry.npmjs.org/require-directory/-/require-directory-2.1.1.tgz",
			"integrity": "sha1-jGStX9MNqxyXbiNE/+f3kqam30I="
		},
		"require-from-string": {
			"version": "1.2.1",
			"resolved": "https://registry.npmjs.org/require-from-string/-/require-from-string-1.2.1.tgz",
			"integrity": "sha1-UpyczvJzgK3+yaL5ZbZJu+5jZBg="
		},
		"require-main-filename": {
			"version": "1.0.1",
			"resolved": "https://registry.npmjs.org/require-main-filename/-/require-main-filename-1.0.1.tgz",
			"integrity": "sha1-l/cXtp1IeE9fUmpsWqj/3aBVpNE="
		},
		"rimraf": {
			"version": "2.6.2",
			"resolved": "https://registry.npmjs.org/rimraf/-/rimraf-2.6.2.tgz",
			"integrity": "sha512-lreewLK/BlghmxtfH36YYVg1i8IAce4TI7oao75I1g245+6BctqTVQiBP3YUJ9C6DQOXJmkYR9X9fCLtCOJc5w==",
			"requires": {
				"glob": "7.1.3"
			}
		},
		"ripemd160": {
			"version": "2.0.2",
			"resolved": "https://registry.npmjs.org/ripemd160/-/ripemd160-2.0.2.tgz",
			"integrity": "sha512-ii4iagi25WusVoiC4B4lq7pbXfAp3D9v5CwfkY33vffw2+pkDjY1D8GaN7spsxvCSx8dkPqOZCEZyfxcmJG2IA==",
			"requires": {
				"hash-base": "3.0.4",
				"inherits": "2.0.3"
			}
		},
		"rlp": {
			"version": "2.1.0",
			"resolved": "https://registry.npmjs.org/rlp/-/rlp-2.1.0.tgz",
			"integrity": "sha512-93U7IKH5j7nmXFVg19MeNBGzQW5uXW1pmCuKY8veeKIhYTE32C2d0mOegfiIAfXcHOKJjjPlJisn8iHDF5AezA==",
			"requires": {
				"safe-buffer": "5.1.2"
			}
		},
		"safe-buffer": {
			"version": "5.1.2",
			"resolved": "https://registry.npmjs.org/safe-buffer/-/safe-buffer-5.1.2.tgz",
			"integrity": "sha512-Gd2UZBJDkXlY7GbJxfsE8/nvKkUEU1G38c1siN6QP6a9PT9MmHB8GnpscSmMJSoF8LOIrt8ud/wPtojys4G6+g=="
		},
		"secp256k1": {
			"version": "3.5.2",
			"resolved": "https://registry.npmjs.org/secp256k1/-/secp256k1-3.5.2.tgz",
			"integrity": "sha512-iin3kojdybY6NArd+UFsoTuapOF7bnJNf2UbcWXaY3z+E1sJDipl60vtzB5hbO/uquBu7z0fd4VC4Irp+xoFVQ==",
			"requires": {
				"bindings": "1.3.1",
				"bip66": "1.1.5",
				"bn.js": "4.11.8",
				"create-hash": "1.2.0",
				"drbg.js": "1.0.1",
				"elliptic": "6.4.1",
				"nan": "2.10.0",
				"safe-buffer": "5.1.2"
			}
		},
		"semver": {
			"version": "5.6.0",
			"resolved": "https://registry.npmjs.org/semver/-/semver-5.6.0.tgz",
			"integrity": "sha512-RS9R6R35NYgQn++fkDWaOmqGoj4Ek9gGs+DPxNUZKuwE183xjJroKvyo1IzVFeXvUrvmALy6FWD5xrdJT25gMg=="
		},
		"send": {
			"version": "0.14.1",
			"resolved": "https://registry.npmjs.org/send/-/send-0.14.1.tgz",
			"integrity": "sha1-qVSYQyU5L1FTKndgdg5FlZjIn3o=",
			"requires": {
				"debug": "2.2.0",
				"depd": "1.1.2",
				"destroy": "1.0.4",
				"encodeurl": "1.0.2",
				"escape-html": "1.0.3",
				"etag": "1.7.0",
				"fresh": "0.3.0",
				"http-errors": "1.5.1",
				"mime": "1.3.4",
				"ms": "0.7.1",
				"on-finished": "2.3.0",
				"range-parser": "1.2.0",
				"statuses": "1.3.1"
			}
		},
		"serve-static": {
			"version": "1.11.2",
			"resolved": "https://registry.npmjs.org/serve-static/-/serve-static-1.11.2.tgz",
			"integrity": "sha1-LPmIm9RDWjIMw2iVyapXvWYuasc=",
			"requires": {
				"encodeurl": "1.0.2",
				"escape-html": "1.0.3",
				"parseurl": "1.3.2",
				"send": "0.14.2"
			},
			"dependencies": {
				"ms": {
					"version": "0.7.2",
					"resolved": "http://registry.npmjs.org/ms/-/ms-0.7.2.tgz",
					"integrity": "sha1-riXPJRKziFodldfwN4aNhDESR2U="
				},
				"send": {
					"version": "0.14.2",
					"resolved": "https://registry.npmjs.org/send/-/send-0.14.2.tgz",
					"integrity": "sha1-ObBDiz9RC+Xcb2Z6EfcWiTaM3u8=",
					"requires": {
						"debug": "2.2.0",
						"depd": "1.1.2",
						"destroy": "1.0.4",
						"encodeurl": "1.0.2",
						"escape-html": "1.0.3",
						"etag": "1.7.0",
						"fresh": "0.3.0",
						"http-errors": "1.5.1",
						"mime": "1.3.4",
						"ms": "0.7.2",
						"on-finished": "2.3.0",
						"range-parser": "1.2.0",
						"statuses": "1.3.1"
					}
				}
			}
		},
		"set-blocking": {
			"version": "2.0.0",
			"resolved": "https://registry.npmjs.org/set-blocking/-/set-blocking-2.0.0.tgz",
			"integrity": "sha1-BF+XgtARrppoA93TgrJDkrPYkPc="
		},
		"setprototypeof": {
			"version": "1.0.2",
			"resolved": "https://registry.npmjs.org/setprototypeof/-/setprototypeof-1.0.2.tgz",
			"integrity": "sha1-gaVSFB7BBLiOic44MQOtXGZWTQg="
		},
		"sha.js": {
			"version": "2.4.11",
			"resolved": "http://registry.npmjs.org/sha.js/-/sha.js-2.4.11.tgz",
			"integrity": "sha512-QMEp5B7cftE7APOjk5Y6xgrbWu+WkLVQwk8JNjZ8nKRciZaByEW6MubieAiToS7+dwvrjGhH8jRXz3MVd0AYqQ==",
			"requires": {
				"inherits": "2.0.3",
				"safe-buffer": "5.1.2"
			}
		},
		"sha3": {
			"version": "1.2.2",
			"resolved": "https://registry.npmjs.org/sha3/-/sha3-1.2.2.tgz",
			"integrity": "sha1-pmxQmN5MJbyIM27ItIF9AFvKe6k=",
			"requires": {
				"nan": "2.10.0"
			}
		},
		"solc": {
			"version": "0.4.8",
			"resolved": "https://registry.npmjs.org/solc/-/solc-0.4.8.tgz",
			"integrity": "sha1-lqu+4SZjQa6X+0vcOrzJvBtQUqs=",
			"requires": {
				"fs-extra": "0.30.0",
				"memorystream": "0.3.1",
				"require-from-string": "1.2.1",
				"semver": "5.6.0",
				"yargs": "4.8.1"
			}
		},
		"spdx-correct": {
			"version": "3.0.2",
			"resolved": "https://registry.npmjs.org/spdx-correct/-/spdx-correct-3.0.2.tgz",
			"integrity": "sha512-q9hedtzyXHr5S0A1vEPoK/7l8NpfkFYTq6iCY+Pno2ZbdZR6WexZFtqeVGkGxW3TEJMN914Z55EnAGMmenlIQQ==",
			"requires": {
				"spdx-expression-parse": "3.0.0",
				"spdx-license-ids": "3.0.2"
			}
		},
		"spdx-exceptions": {
			"version": "2.2.0",
			"resolved": "https://registry.npmjs.org/spdx-exceptions/-/spdx-exceptions-2.2.0.tgz",
			"integrity": "sha512-2XQACfElKi9SlVb1CYadKDXvoajPgBVPn/gOQLrTvHdElaVhr7ZEbqJaRnJLVNeaI4cMEAgVCeBMKF6MWRDCRA=="
		},
		"spdx-expression-parse": {
			"version": "3.0.0",
			"resolved": "https://registry.npmjs.org/spdx-expression-parse/-/spdx-expression-parse-3.0.0.tgz",
			"integrity": "sha512-Yg6D3XpRD4kkOmTpdgbUiEJFKghJH03fiC1OPll5h/0sO6neh2jqRDVHOQ4o/LMea0tgCkbMgea5ip/e+MkWyg==",
			"requires": {
				"spdx-exceptions": "2.2.0",
				"spdx-license-ids": "3.0.2"
			}
		},
		"spdx-license-ids": {
			"version": "3.0.2",
			"resolved": "https://registry.npmjs.org/spdx-license-ids/-/spdx-license-ids-3.0.2.tgz",
			"integrity": "sha512-qky9CVt0lVIECkEsYbNILVnPvycuEBkXoMFLRWsREkomQLevYhtRKC+R91a5TOAQ3bCMjikRwhyaRqj1VYatYg=="
		},
		"statuses": {
			"version": "1.3.1",
			"resolved": "https://registry.npmjs.org/statuses/-/statuses-1.3.1.tgz",
			"integrity": "sha1-+vUbnrdKrvOzrPStX2Gr8ky3uT4="
		},
		"string-width": {
			"version": "1.0.2",
			"resolved": "https://registry.npmjs.org/string-width/-/string-width-1.0.2.tgz",
			"integrity": "sha1-EYvfW4zcUaKn5w0hHgfisLmxB9M=",
			"requires": {
				"code-point-at": "1.1.0",
				"is-fullwidth-code-point": "1.0.0",
				"strip-ansi": "3.0.1"
			}
		},
		"strip-ansi": {
			"version": "3.0.1",
			"resolved": "http://registry.npmjs.org/strip-ansi/-/strip-ansi-3.0.1.tgz",
			"integrity": "sha1-ajhfuIU9lS1f8F0Oiq+UJ43GPc8=",
			"requires": {
				"ansi-regex": "2.1.1"
			}
		},
		"strip-bom": {
			"version": "2.0.0",
			"resolved": "https://registry.npmjs.org/strip-bom/-/strip-bom-2.0.0.tgz",
			"integrity": "sha1-YhmoVhZSBJHzV4i9vxRHqZx+aw4=",
			"requires": {
				"is-utf8": "0.2.1"
			}
		},
		"type-is": {
			"version": "1.6.16",
			"resolved": "https://registry.npmjs.org/type-is/-/type-is-1.6.16.tgz",
			"integrity": "sha512-HRkVv/5qY2G6I8iab9cI7v1bOIdhm94dVjQCPFElW9W+3GeDOSHmy2EBYe4VTApuzolPcmgFTN3ftVJRKR2J9Q==",
			"requires": {
				"media-typer": "0.3.0",
				"mime-types": "2.1.21"
			}
		},
		"unpipe": {
			"version": "1.0.0",
			"resolved": "https://registry.npmjs.org/unpipe/-/unpipe-1.0.0.tgz",
			"integrity": "sha1-sr9O6FFKrmFltIF4KdIbLvSZBOw="
		},
		"utf8": {
			"version": "2.1.2",
			"resolved": "http://registry.npmjs.org/utf8/-/utf8-2.1.2.tgz",
			"integrity": "sha1-H6DZJw6b6FDZsFAn9jUZv0ZFfZY="
		},
		"utils-merge": {
			"version": "1.0.0",
			"resolved": "https://registry.npmjs.org/utils-merge/-/utils-merge-1.0.0.tgz",
			"integrity": "sha1-ApT7kiu5N1FTVBxPcJYjHyh8ivg="
		},
		"validate-npm-package-license": {
			"version": "3.0.4",
			"resolved": "https://registry.npmjs.org/validate-npm-package-license/-/validate-npm-package-license-3.0.4.tgz",
			"integrity": "sha512-DpKm2Ui/xN7/HQKCtpZxoRWBhZ9Z0kqtygG8XCgNQ8ZlDnxuQmWhj566j8fN4Cu3/JmbhsDo7fcAJq4s9h27Ew==",
			"requires": {
				"spdx-correct": "3.0.2",
				"spdx-expression-parse": "3.0.0"
			}
		},
		"vary": {
			"version": "1.1.2",
			"resolved": "https://registry.npmjs.org/vary/-/vary-1.1.2.tgz",
			"integrity": "sha1-IpnwLG3tMNSllhsLn3RSShj2NPw="
		},
		"web3": {
			"version": "0.16.0",
			"resolved": "http://registry.npmjs.org/web3/-/web3-0.16.0.tgz",
			"integrity": "sha1-pFVBdc1GKUMDWx8dOUMvdBxrYBk=",
			"requires": {
				"bignumber.js": "git+https://github.com/debris/bignumber.js.git#c7a38de919ed75e6fb6ba38051986e294b328df9",
				"crypto-js": "3.1.8",
				"utf8": "2.1.2",
				"xmlhttprequest": "1.8.0"
			},
			"dependencies": {
				"bignumber.js": {
					"version": "git+https://github.com/debris/bignumber.js.git#c7a38de919ed75e6fb6ba38051986e294b328df9"
				}
			}
		},
		"which-module": {
			"version": "1.0.0",
			"resolved": "https://registry.npmjs.org/which-module/-/which-module-1.0.0.tgz",
			"integrity": "sha1-u6Y8qGGUiZT/MHc2CJ47lgJsKk8="
		},
		"window-size": {
			"version": "0.2.0",
			"resolved": "https://registry.npmjs.org/window-size/-/window-size-0.2.0.tgz",
			"integrity": "sha1-tDFbtCFKPXBY6+7okuE/ok2YsHU="
		},
		"wrap-ansi": {
			"version": "2.1.0",
			"resolved": "http://registry.npmjs.org/wrap-ansi/-/wrap-ansi-2.1.0.tgz",
			"integrity": "sha1-2Pw9KE3QV5T+hJc8rs3Rz4JP3YU=",
			"requires": {
				"string-width": "1.0.2",
				"strip-ansi": "3.0.1"
			}
		},
		"wrappy": {
			"version": "1.0.2",
			"resolved": "https://registry.npmjs.org/wrappy/-/wrappy-1.0.2.tgz",
			"integrity": "sha1-tSQ9jz7BqjXxNkYFvA0QNuMKtp8="
		},
		"xmlhttprequest": {
			"version": "1.8.0",
			"resolved": "https://registry.npmjs.org/xmlhttprequest/-/xmlhttprequest-1.8.0.tgz",
			"integrity": "sha1-Z/4HXFwk/vOfnWX197f+dRcZaPw="
		},
		"y18n": {
			"version": "3.2.1",
			"resolved": "https://registry.npmjs.org/y18n/-/y18n-3.2.1.tgz",
			"integrity": "sha1-bRX7qITAhnnA136I53WegR4H+kE="
		},
		"yargs": {
			"version": "4.8.1",
			"resolved": "http://registry.npmjs.org/yargs/-/yargs-4.8.1.tgz",
			"integrity": "sha1-wMQpJMpKqmsObaFznfshZDn53cA=",
			"requires": {
				"cliui": "3.2.0",
				"decamelize": "1.2.0",
				"get-caller-file": "1.0.3",
				"lodash.assign": "4.2.0",
				"os-locale": "1.4.0",
				"read-pkg-up": "1.0.1",
				"require-directory": "2.1.1",
				"require-main-filename": "1.0.1",
				"set-blocking": "2.0.0",
				"string-width": "1.0.2",
				"which-module": "1.0.0",
				"window-size": "0.2.0",
				"y18n": "3.2.1",
				"yargs-parser": "2.4.1"
			}
		},
		"yargs-parser": {
			"version": "2.4.1",
			"resolved": "http://registry.npmjs.org/yargs-parser/-/yargs-parser-2.4.1.tgz",
			"integrity": "sha1-hVaN488VD/SfpRgl8DqMiA3cxcQ=",
			"requires": {
				"camelcase": "3.0.0",
				"lodash.assign": "4.2.0"
			}
		}
	}
}
